// !$*UTF8*$!
{
	archiveVersion = 1;
	classes = {
	};
	objectVersion = 52;
	objects = {

/* Begin PBXBuildFile section */
		866FAE5DEBEC21A65A93D3DE /* Pods_MovieAPP2_demo.framework in Frameworks */ = {isa = PBXBuildFile; fileRef = 78B99BDD6DC8E11BE1C0D641 /* Pods_MovieAPP2_demo.framework */; };
		8A1A058B263ABA1C009A9302 /* CarouCell.swift in Sources */ = {isa = PBXBuildFile; fileRef = 8A1A0589263ABA1C009A9302 /* CarouCell.swift */; };
		8A1A058C263ABA1C009A9302 /* CarouCell.xib in Resources */ = {isa = PBXBuildFile; fileRef = 8A1A058A263ABA1C009A9302 /* CarouCell.xib */; };
		8A342E5B265C9E620066B4E8 /* PreViewCell.swift in Sources */ = {isa = PBXBuildFile; fileRef = 8A342E59265C9E620066B4E8 /* PreViewCell.swift */; };
		8A342E5C265C9E620066B4E8 /* PreViewCell.xib in Resources */ = {isa = PBXBuildFile; fileRef = 8A342E5A265C9E620066B4E8 /* PreViewCell.xib */; };
		8A342E80265DF47D0066B4E8 /* MovieDiscover.swift in Sources */ = {isa = PBXBuildFile; fileRef = 8A342E7F265DF47D0066B4E8 /* MovieDiscover.swift */; };
		8A344B3226341AE500D971E9 /* UpComingCell.swift in Sources */ = {isa = PBXBuildFile; fileRef = 8A344B3026341AE500D971E9 /* UpComingCell.swift */; };
		8A344B3326341AE500D971E9 /* UpComingCell.xib in Resources */ = {isa = PBXBuildFile; fileRef = 8A344B3126341AE500D971E9 /* UpComingCell.xib */; };
		8A38E6F2264A1F4000B80837 /* DetailModel2.swift in Sources */ = {isa = PBXBuildFile; fileRef = 8A38E6F1264A1F4000B80837 /* DetailModel2.swift */; };
		8A44BB7126526D3400E56588 /* SearchViewController.swift in Sources */ = {isa = PBXBuildFile; fileRef = 8A44BB6F26526D3400E56588 /* SearchViewController.swift */; };
		8A44BB7226526D3400E56588 /* SearchViewController.xib in Resources */ = {isa = PBXBuildFile; fileRef = 8A44BB7026526D3400E56588 /* SearchViewController.xib */; };
		8A44BBA92653AABC00E56588 /* SearchMovieByTitle.swift in Sources */ = {isa = PBXBuildFile; fileRef = 8A44BBA82653AABB00E56588 /* SearchMovieByTitle.swift */; };
		8A44BBAE2653C47B00E56588 /* RecentCell.swift in Sources */ = {isa = PBXBuildFile; fileRef = 8A44BBAC2653C47B00E56588 /* RecentCell.swift */; };
		8A44BBAF2653C47B00E56588 /* RecentCell.xib in Resources */ = {isa = PBXBuildFile; fileRef = 8A44BBAD2653C47B00E56588 /* RecentCell.xib */; };
		8A44BBB22653C5E900E56588 /* Tool.swift in Sources */ = {isa = PBXBuildFile; fileRef = 8A44BBB12653C5E900E56588 /* Tool.swift */; };
		8A44BBB62654AE6F00E56588 /* MovieImages.swift in Sources */ = {isa = PBXBuildFile; fileRef = 8A44BBB52654AE6F00E56588 /* MovieImages.swift */; };
		8A44BBBB2654BA8B00E56588 /* CastDetailViewController.swift in Sources */ = {isa = PBXBuildFile; fileRef = 8A44BBB92654BA8B00E56588 /* CastDetailViewController.swift */; };
		8A44BBBC2654BA8B00E56588 /* CastDetailViewController.xib in Resources */ = {isa = PBXBuildFile; fileRef = 8A44BBBA2654BA8B00E56588 /* CastDetailViewController.xib */; };
		8A44BBC52654BBA300E56588 /* TableViewInSecssion12.swift in Sources */ = {isa = PBXBuildFile; fileRef = 8A44BBC32654BBA300E56588 /* TableViewInSecssion12.swift */; };
		8A44BBC62654BBA300E56588 /* TableViewInSecssion12.xib in Resources */ = {isa = PBXBuildFile; fileRef = 8A44BBC42654BBA300E56588 /* TableViewInSecssion12.xib */; };
		8A44BBCE2654BE7D00E56588 /* CastDetail.swift in Sources */ = {isa = PBXBuildFile; fileRef = 8A44BBCD2654BE7D00E56588 /* CastDetail.swift */; };
		8A473BA3264F744600BAF021 /* ListMovieByGenreView.swift in Sources */ = {isa = PBXBuildFile; fileRef = 8A473BA1264F744600BAF021 /* ListMovieByGenreView.swift */; };
		8A473BA4264F744600BAF021 /* ListMovieByGenreView.xib in Resources */ = {isa = PBXBuildFile; fileRef = 8A473BA2264F744600BAF021 /* ListMovieByGenreView.xib */; };
		8A473BA8264F746400BAF021 /* ListMovieByGenreCell.swift in Sources */ = {isa = PBXBuildFile; fileRef = 8A473BA6264F746400BAF021 /* ListMovieByGenreCell.swift */; };
		8A473BA9264F746400BAF021 /* ListMovieByGenreCell.xib in Resources */ = {isa = PBXBuildFile; fileRef = 8A473BA7264F746400BAF021 /* ListMovieByGenreCell.xib */; };
		8A557EA42632757F00F299C4 /* Color.swift in Sources */ = {isa = PBXBuildFile; fileRef = 8A557EA32632757F00F299C4 /* Color.swift */; };
		8A73ECEB2637BC1700989262 /* ListGenreModel.swift in Sources */ = {isa = PBXBuildFile; fileRef = 8A73ECEA2637BC1700989262 /* ListGenreModel.swift */; };
		8AA0DDD6265C8BFE001C6E0A /* ReadMoreLessView.swift in Sources */ = {isa = PBXBuildFile; fileRef = 8AA0DDD5265C8BFE001C6E0A /* ReadMoreLessView.swift */; };
		8ABB26ED2642323A00A05F0E /* HomeGenre.swift in Sources */ = {isa = PBXBuildFile; fileRef = 8ABB26EB2642323A00A05F0E /* HomeGenre.swift */; };
		8ABB26EE2642323A00A05F0E /* HomeGenre.xib in Resources */ = {isa = PBXBuildFile; fileRef = 8ABB26EC2642323A00A05F0E /* HomeGenre.xib */; };
		8ABB26F22642325700A05F0E /* HomeGenreCell.swift in Sources */ = {isa = PBXBuildFile; fileRef = 8ABB26F02642325700A05F0E /* HomeGenreCell.swift */; };
		8ABB26F32642325700A05F0E /* HomeGenreCell.xib in Resources */ = {isa = PBXBuildFile; fileRef = 8ABB26F12642325700A05F0E /* HomeGenreCell.xib */; };
		8ABB26FA264244C900A05F0E /* HomeTopRated.swift in Sources */ = {isa = PBXBuildFile; fileRef = 8ABB26F8264244C900A05F0E /* HomeTopRated.swift */; };
		8ABB26FB264244C900A05F0E /* HomeTopRated.xib in Resources */ = {isa = PBXBuildFile; fileRef = 8ABB26F9264244C900A05F0E /* HomeTopRated.xib */; };
		8ABB27072642570A00A05F0E /* HomePopular.swift in Sources */ = {isa = PBXBuildFile; fileRef = 8ABB27052642570A00A05F0E /* HomePopular.swift */; };
		8ABB27082642570A00A05F0E /* HomePopular.xib in Resources */ = {isa = PBXBuildFile; fileRef = 8ABB27062642570A00A05F0E /* HomePopular.xib */; };
		8ABB270D26425AD500A05F0E /* HomeNowPlaying.swift in Sources */ = {isa = PBXBuildFile; fileRef = 8ABB270B26425AD500A05F0E /* HomeNowPlaying.swift */; };
		8ABB270E26425AD500A05F0E /* HomeNowPlaying.xib in Resources */ = {isa = PBXBuildFile; fileRef = 8ABB270C26425AD500A05F0E /* HomeNowPlaying.xib */; };
		8ABB271426425F4800A05F0E /* HomeUpComing.swift in Sources */ = {isa = PBXBuildFile; fileRef = 8ABB271226425F4800A05F0E /* HomeUpComing.swift */; };
		8ABB271526425F4800A05F0E /* HomeUpComing.xib in Resources */ = {isa = PBXBuildFile; fileRef = 8ABB271326425F4800A05F0E /* HomeUpComing.xib */; };
		8ABB27692643A8EF00A05F0E /* HomeDetailViewController.swift in Sources */ = {isa = PBXBuildFile; fileRef = 8ABB27672643A8EF00A05F0E /* HomeDetailViewController.swift */; };
		8ABB276A2643A8EF00A05F0E /* HomeDetailViewController.xib in Resources */ = {isa = PBXBuildFile; fileRef = 8ABB27682643A8EF00A05F0E /* HomeDetailViewController.xib */; };
		8ABB276F2643A9CE00A05F0E /* DetailCell.swift in Sources */ = {isa = PBXBuildFile; fileRef = 8ABB276D2643A9CE00A05F0E /* DetailCell.swift */; };
		8ABB27702643A9CE00A05F0E /* DetailCell.xib in Resources */ = {isa = PBXBuildFile; fileRef = 8ABB276E2643A9CE00A05F0E /* DetailCell.xib */; };
		8ABB27742643AA0700A05F0E /* CellOfSecsion0.swift in Sources */ = {isa = PBXBuildFile; fileRef = 8ABB27722643AA0700A05F0E /* CellOfSecsion0.swift */; };
		8ABB27752643AA0700A05F0E /* CellOfSecsion0.xib in Resources */ = {isa = PBXBuildFile; fileRef = 8ABB27732643AA0700A05F0E /* CellOfSecsion0.xib */; };
		8ABB27792643AA3400A05F0E /* CollectionViewOfSecssion2.swift in Sources */ = {isa = PBXBuildFile; fileRef = 8ABB27772643AA3400A05F0E /* CollectionViewOfSecssion2.swift */; };
		8ABB277A2643AA3400A05F0E /* CollectionViewOfSecssion2.xib in Resources */ = {isa = PBXBuildFile; fileRef = 8ABB27782643AA3400A05F0E /* CollectionViewOfSecssion2.xib */; };
		8ABB277F2643AA8F00A05F0E /* CollectionCellOfSecsion4.swift in Sources */ = {isa = PBXBuildFile; fileRef = 8ABB277D2643AA8F00A05F0E /* CollectionCellOfSecsion4.swift */; };
		8ABB27802643AA8F00A05F0E /* CollectionCellOfSecsion4.xib in Resources */ = {isa = PBXBuildFile; fileRef = 8ABB277E2643AA8F00A05F0E /* CollectionCellOfSecsion4.xib */; };
		8ABB27842643AAA700A05F0E /* CollectionCellOfSecsion35.swift in Sources */ = {isa = PBXBuildFile; fileRef = 8ABB27822643AAA700A05F0E /* CollectionCellOfSecsion35.swift */; };
		8ABB27852643AAA700A05F0E /* CollectionCellOfSecsion35.xib in Resources */ = {isa = PBXBuildFile; fileRef = 8ABB27832643AAA700A05F0E /* CollectionCellOfSecsion35.xib */; };
		8ABB27892643AB0800A05F0E /* CollectionCellOfSecsion1.swift in Sources */ = {isa = PBXBuildFile; fileRef = 8ABB27872643AB0800A05F0E /* CollectionCellOfSecsion1.swift */; };
		8ABB278A2643AB0800A05F0E /* CollectionCellOfSecsion1.xib in Resources */ = {isa = PBXBuildFile; fileRef = 8ABB27882643AB0800A05F0E /* CollectionCellOfSecsion1.xib */; };
		8ABB27942644E0B700A05F0E /* Extension.swift in Sources */ = {isa = PBXBuildFile; fileRef = 8ABB27932644E0B700A05F0E /* Extension.swift */; };
		8ABB27B22644FC6400A05F0E /* DetailModel1.swift in Sources */ = {isa = PBXBuildFile; fileRef = 8ABB27B12644FC6300A05F0E /* DetailModel1.swift */; };
		8AE8E8AC265521A900063CE4 /* IntroduceOfCastCell.swift in Sources */ = {isa = PBXBuildFile; fileRef = 8AE8E8AA265521A900063CE4 /* IntroduceOfCastCell.swift */; };
		8AE8E8AD265521A900063CE4 /* IntroduceOfCastCell.xib in Resources */ = {isa = PBXBuildFile; fileRef = 8AE8E8AB265521A900063CE4 /* IntroduceOfCastCell.xib */; };
		8AE8E8B12655512900063CE4 /* CellForIndex1.swift in Sources */ = {isa = PBXBuildFile; fileRef = 8AE8E8AF2655512900063CE4 /* CellForIndex1.swift */; };
		8AE8E8B22655512900063CE4 /* CellForIndex1.xib in Resources */ = {isa = PBXBuildFile; fileRef = 8AE8E8B02655512900063CE4 /* CellForIndex1.xib */; };
		8AE8E8B62655513500063CE4 /* CellForIndex2.swift in Sources */ = {isa = PBXBuildFile; fileRef = 8AE8E8B42655513500063CE4 /* CellForIndex2.swift */; };
		8AE8E8B72655513500063CE4 /* CellForIndex2.xib in Resources */ = {isa = PBXBuildFile; fileRef = 8AE8E8B52655513500063CE4 /* CellForIndex2.xib */; };
		8AE8E8BA2655596800063CE4 /* CastImage.swift in Sources */ = {isa = PBXBuildFile; fileRef = 8AE8E8B92655596800063CE4 /* CastImage.swift */; };
		8AE8E8C12655F7E000063CE4 /* HomeListCast.swift in Sources */ = {isa = PBXBuildFile; fileRef = 8AE8E8BF2655F7E000063CE4 /* HomeListCast.swift */; };
		8AE8E8C22655F7E000063CE4 /* HomeListCast.xib in Resources */ = {isa = PBXBuildFile; fileRef = 8AE8E8C02655F7E000063CE4 /* HomeListCast.xib */; };
		8AE8E8C72655F80900063CE4 /* CellListCast.swift in Sources */ = {isa = PBXBuildFile; fileRef = 8AE8E8C52655F80900063CE4 /* CellListCast.swift */; };
		8AE8E8C82655F80900063CE4 /* CellListCast.xib in Resources */ = {isa = PBXBuildFile; fileRef = 8AE8E8C62655F80900063CE4 /* CellListCast.xib */; };
		8AE8E8CC2656032300063CE4 /* HomeListImage.swift in Sources */ = {isa = PBXBuildFile; fileRef = 8AE8E8CA2656032300063CE4 /* HomeListImage.swift */; };
		8AE8E8CD2656032300063CE4 /* HomeListImage.xib in Resources */ = {isa = PBXBuildFile; fileRef = 8AE8E8CB2656032300063CE4 /* HomeListImage.xib */; };
		8AE8E8D12656034100063CE4 /* CellAllImage.swift in Sources */ = {isa = PBXBuildFile; fileRef = 8AE8E8CF2656034100063CE4 /* CellAllImage.swift */; };
		8AE8E8D22656034100063CE4 /* CellAllImage.xib in Resources */ = {isa = PBXBuildFile; fileRef = 8AE8E8D02656034100063CE4 /* CellAllImage.xib */; };
		8AE8E8E02656738B00063CE4 /* PreViewImage.swift in Sources */ = {isa = PBXBuildFile; fileRef = 8AE8E8DE2656738B00063CE4 /* PreViewImage.swift */; };
		8AE8E8E12656738B00063CE4 /* PreViewImage.xib in Resources */ = {isa = PBXBuildFile; fileRef = 8AE8E8DF2656738B00063CE4 /* PreViewImage.xib */; };
		8AE8E8E626574FD900063CE4 /* FirtVIewWhenclickButtonSearch.swift in Sources */ = {isa = PBXBuildFile; fileRef = 8AE8E8E426574FD900063CE4 /* FirtVIewWhenclickButtonSearch.swift */; };
		8AE8E8E726574FD900063CE4 /* FirtVIewWhenclickButtonSearch.xib in Resources */ = {isa = PBXBuildFile; fileRef = 8AE8E8E526574FD900063CE4 /* FirtVIewWhenclickButtonSearch.xib */; };
		8AE8E8EC265751D000063CE4 /* FirstCell.swift in Sources */ = {isa = PBXBuildFile; fileRef = 8AE8E8EA265751D000063CE4 /* FirstCell.swift */; };
		8AE8E8ED265751D000063CE4 /* FirstCell.xib in Resources */ = {isa = PBXBuildFile; fileRef = 8AE8E8EB265751D000063CE4 /* FirstCell.xib */; };
		8AE8E94A265A6FD000063CE4 /* PagerViewCell.swift in Sources */ = {isa = PBXBuildFile; fileRef = 8AE8E948265A6FD000063CE4 /* PagerViewCell.swift */; };
		8AE8E94B265A6FD000063CE4 /* PagerViewCell.xib in Resources */ = {isa = PBXBuildFile; fileRef = 8AE8E949265A6FD000063CE4 /* PagerViewCell.xib */; };
		8AF4248B26294D0200CB9AA3 /* AppDelegate.swift in Sources */ = {isa = PBXBuildFile; fileRef = 8AF4248A26294D0200CB9AA3 /* AppDelegate.swift */; };
		8AF4248D26294D0200CB9AA3 /* SceneDelegate.swift in Sources */ = {isa = PBXBuildFile; fileRef = 8AF4248C26294D0200CB9AA3 /* SceneDelegate.swift */; };
		8AF4248F26294D0200CB9AA3 /* ViewController.swift in Sources */ = {isa = PBXBuildFile; fileRef = 8AF4248E26294D0200CB9AA3 /* ViewController.swift */; };
		8AF4249226294D0200CB9AA3 /* Main.storyboard in Resources */ = {isa = PBXBuildFile; fileRef = 8AF4249026294D0200CB9AA3 /* Main.storyboard */; };
		8AF4249426294D0400CB9AA3 /* Assets.xcassets in Resources */ = {isa = PBXBuildFile; fileRef = 8AF4249326294D0400CB9AA3 /* Assets.xcassets */; };
		8AF4249726294D0400CB9AA3 /* LaunchScreen.storyboard in Resources */ = {isa = PBXBuildFile; fileRef = 8AF4249526294D0400CB9AA3 /* LaunchScreen.storyboard */; };
		8AF424A626294F2800CB9AA3 /* myTableCell.swift in Sources */ = {isa = PBXBuildFile; fileRef = 8AF424A426294F2800CB9AA3 /* myTableCell.swift */; };
		8AF424A726294F2800CB9AA3 /* myTableCell.xib in Resources */ = {isa = PBXBuildFile; fileRef = 8AF424A526294F2800CB9AA3 /* myTableCell.xib */; };
		8AF424AB26294FA000CB9AA3 /* myCollectionCell.swift in Sources */ = {isa = PBXBuildFile; fileRef = 8AF424A926294FA000CB9AA3 /* myCollectionCell.swift */; };
		8AF424AC26294FA000CB9AA3 /* myCollectionCell.xib in Resources */ = {isa = PBXBuildFile; fileRef = 8AF424AA26294FA000CB9AA3 /* myCollectionCell.xib */; };
		8AF424C9262B1A5900CB9AA3 /* GenreCell.swift in Sources */ = {isa = PBXBuildFile; fileRef = 8AF424C7262B1A5900CB9AA3 /* GenreCell.swift */; };
		8AF424CA262B1A5900CB9AA3 /* GenreCell.xib in Resources */ = {isa = PBXBuildFile; fileRef = 8AF424C8262B1A5900CB9AA3 /* GenreCell.xib */; };
		8AF424CE262BDB6D00CB9AA3 /* FetchDataFormAPI.swift in Sources */ = {isa = PBXBuildFile; fileRef = 8AF424CD262BDB6D00CB9AA3 /* FetchDataFormAPI.swift */; };
		8AF424D2262BDC3B00CB9AA3 /* PopularModel.swift in Sources */ = {isa = PBXBuildFile; fileRef = 8AF424D1262BDC3B00CB9AA3 /* PopularModel.swift */; };
		8AF424D5262BDC5300CB9AA3 /* NowPlaying.swift in Sources */ = {isa = PBXBuildFile; fileRef = 8AF424D4262BDC5300CB9AA3 /* NowPlaying.swift */; };
		8AF424DA262D1CF100CB9AA3 /* SDWebImage in Frameworks */ = {isa = PBXBuildFile; productRef = 8AF424D9262D1CF100CB9AA3 /* SDWebImage */; };
/* End PBXBuildFile section */

/* Begin PBXFileReference section */
		78B99BDD6DC8E11BE1C0D641 /* Pods_MovieAPP2_demo.framework */ = {isa = PBXFileReference; explicitFileType = wrapper.framework; includeInIndex = 0; path = Pods_MovieAPP2_demo.framework; sourceTree = BUILT_PRODUCTS_DIR; };
		8A1A0589263ABA1C009A9302 /* CarouCell.swift */ = {isa = PBXFileReference; lastKnownFileType = sourcecode.swift; path = CarouCell.swift; sourceTree = "<group>"; };
		8A1A058A263ABA1C009A9302 /* CarouCell.xib */ = {isa = PBXFileReference; lastKnownFileType = file.xib; path = CarouCell.xib; sourceTree = "<group>"; };
		8A342E59265C9E620066B4E8 /* PreViewCell.swift */ = {isa = PBXFileReference; lastKnownFileType = sourcecode.swift; path = PreViewCell.swift; sourceTree = "<group>"; };
		8A342E5A265C9E620066B4E8 /* PreViewCell.xib */ = {isa = PBXFileReference; lastKnownFileType = file.xib; path = PreViewCell.xib; sourceTree = "<group>"; };
		8A342E7F265DF47D0066B4E8 /* MovieDiscover.swift */ = {isa = PBXFileReference; lastKnownFileType = sourcecode.swift; path = MovieDiscover.swift; sourceTree = "<group>"; };
		8A344B3026341AE500D971E9 /* UpComingCell.swift */ = {isa = PBXFileReference; lastKnownFileType = sourcecode.swift; path = UpComingCell.swift; sourceTree = "<group>"; };
		8A344B3126341AE500D971E9 /* UpComingCell.xib */ = {isa = PBXFileReference; lastKnownFileType = file.xib; path = UpComingCell.xib; sourceTree = "<group>"; };
		8A38E6F1264A1F4000B80837 /* DetailModel2.swift */ = {isa = PBXFileReference; lastKnownFileType = sourcecode.swift; path = DetailModel2.swift; sourceTree = "<group>"; };
		8A44BB6F26526D3400E56588 /* SearchViewController.swift */ = {isa = PBXFileReference; lastKnownFileType = sourcecode.swift; path = SearchViewController.swift; sourceTree = "<group>"; };
		8A44BB7026526D3400E56588 /* SearchViewController.xib */ = {isa = PBXFileReference; lastKnownFileType = file.xib; path = SearchViewController.xib; sourceTree = "<group>"; };
		8A44BBA82653AABB00E56588 /* SearchMovieByTitle.swift */ = {isa = PBXFileReference; lastKnownFileType = sourcecode.swift; path = SearchMovieByTitle.swift; sourceTree = "<group>"; };
		8A44BBAC2653C47B00E56588 /* RecentCell.swift */ = {isa = PBXFileReference; lastKnownFileType = sourcecode.swift; path = RecentCell.swift; sourceTree = "<group>"; };
		8A44BBAD2653C47B00E56588 /* RecentCell.xib */ = {isa = PBXFileReference; lastKnownFileType = file.xib; path = RecentCell.xib; sourceTree = "<group>"; };
		8A44BBB12653C5E900E56588 /* Tool.swift */ = {isa = PBXFileReference; lastKnownFileType = sourcecode.swift; path = Tool.swift; sourceTree = "<group>"; };
		8A44BBB52654AE6F00E56588 /* MovieImages.swift */ = {isa = PBXFileReference; lastKnownFileType = sourcecode.swift; path = MovieImages.swift; sourceTree = "<group>"; };
		8A44BBB92654BA8B00E56588 /* CastDetailViewController.swift */ = {isa = PBXFileReference; lastKnownFileType = sourcecode.swift; path = CastDetailViewController.swift; sourceTree = "<group>"; };
		8A44BBBA2654BA8B00E56588 /* CastDetailViewController.xib */ = {isa = PBXFileReference; lastKnownFileType = file.xib; path = CastDetailViewController.xib; sourceTree = "<group>"; };
		8A44BBC32654BBA300E56588 /* TableViewInSecssion12.swift */ = {isa = PBXFileReference; lastKnownFileType = sourcecode.swift; path = TableViewInSecssion12.swift; sourceTree = "<group>"; };
		8A44BBC42654BBA300E56588 /* TableViewInSecssion12.xib */ = {isa = PBXFileReference; lastKnownFileType = file.xib; path = TableViewInSecssion12.xib; sourceTree = "<group>"; };
		8A44BBCD2654BE7D00E56588 /* CastDetail.swift */ = {isa = PBXFileReference; lastKnownFileType = sourcecode.swift; path = CastDetail.swift; sourceTree = "<group>"; };
		8A473BA1264F744600BAF021 /* ListMovieByGenreView.swift */ = {isa = PBXFileReference; lastKnownFileType = sourcecode.swift; path = ListMovieByGenreView.swift; sourceTree = "<group>"; };
		8A473BA2264F744600BAF021 /* ListMovieByGenreView.xib */ = {isa = PBXFileReference; lastKnownFileType = file.xib; path = ListMovieByGenreView.xib; sourceTree = "<group>"; };
		8A473BA6264F746400BAF021 /* ListMovieByGenreCell.swift */ = {isa = PBXFileReference; lastKnownFileType = sourcecode.swift; path = ListMovieByGenreCell.swift; sourceTree = "<group>"; };
		8A473BA7264F746400BAF021 /* ListMovieByGenreCell.xib */ = {isa = PBXFileReference; lastKnownFileType = file.xib; path = ListMovieByGenreCell.xib; sourceTree = "<group>"; };
		8A557EA32632757F00F299C4 /* Color.swift */ = {isa = PBXFileReference; lastKnownFileType = sourcecode.swift; path = Color.swift; sourceTree = "<group>"; };
		8A73ECEA2637BC1700989262 /* ListGenreModel.swift */ = {isa = PBXFileReference; lastKnownFileType = sourcecode.swift; path = ListGenreModel.swift; sourceTree = "<group>"; };
		8AA0DDD5265C8BFE001C6E0A /* ReadMoreLessView.swift */ = {isa = PBXFileReference; fileEncoding = 4; lastKnownFileType = sourcecode.swift; path = ReadMoreLessView.swift; sourceTree = "<group>"; };
		8ABB26EB2642323A00A05F0E /* HomeGenre.swift */ = {isa = PBXFileReference; lastKnownFileType = sourcecode.swift; path = HomeGenre.swift; sourceTree = "<group>"; };
		8ABB26EC2642323A00A05F0E /* HomeGenre.xib */ = {isa = PBXFileReference; lastKnownFileType = file.xib; path = HomeGenre.xib; sourceTree = "<group>"; };
		8ABB26F02642325700A05F0E /* HomeGenreCell.swift */ = {isa = PBXFileReference; lastKnownFileType = sourcecode.swift; path = HomeGenreCell.swift; sourceTree = "<group>"; };
		8ABB26F12642325700A05F0E /* HomeGenreCell.xib */ = {isa = PBXFileReference; lastKnownFileType = file.xib; path = HomeGenreCell.xib; sourceTree = "<group>"; };
		8ABB26F8264244C900A05F0E /* HomeTopRated.swift */ = {isa = PBXFileReference; lastKnownFileType = sourcecode.swift; path = HomeTopRated.swift; sourceTree = "<group>"; };
		8ABB26F9264244C900A05F0E /* HomeTopRated.xib */ = {isa = PBXFileReference; lastKnownFileType = file.xib; path = HomeTopRated.xib; sourceTree = "<group>"; };
		8ABB27052642570A00A05F0E /* HomePopular.swift */ = {isa = PBXFileReference; lastKnownFileType = sourcecode.swift; path = HomePopular.swift; sourceTree = "<group>"; };
		8ABB27062642570A00A05F0E /* HomePopular.xib */ = {isa = PBXFileReference; lastKnownFileType = file.xib; path = HomePopular.xib; sourceTree = "<group>"; };
		8ABB270B26425AD500A05F0E /* HomeNowPlaying.swift */ = {isa = PBXFileReference; lastKnownFileType = sourcecode.swift; path = HomeNowPlaying.swift; sourceTree = "<group>"; };
		8ABB270C26425AD500A05F0E /* HomeNowPlaying.xib */ = {isa = PBXFileReference; lastKnownFileType = file.xib; path = HomeNowPlaying.xib; sourceTree = "<group>"; };
		8ABB271226425F4800A05F0E /* HomeUpComing.swift */ = {isa = PBXFileReference; lastKnownFileType = sourcecode.swift; path = HomeUpComing.swift; sourceTree = "<group>"; };
		8ABB271326425F4800A05F0E /* HomeUpComing.xib */ = {isa = PBXFileReference; lastKnownFileType = file.xib; path = HomeUpComing.xib; sourceTree = "<group>"; };
		8ABB27672643A8EF00A05F0E /* HomeDetailViewController.swift */ = {isa = PBXFileReference; lastKnownFileType = sourcecode.swift; path = HomeDetailViewController.swift; sourceTree = "<group>"; };
		8ABB27682643A8EF00A05F0E /* HomeDetailViewController.xib */ = {isa = PBXFileReference; lastKnownFileType = file.xib; path = HomeDetailViewController.xib; sourceTree = "<group>"; };
		8ABB276D2643A9CE00A05F0E /* DetailCell.swift */ = {isa = PBXFileReference; lastKnownFileType = sourcecode.swift; path = DetailCell.swift; sourceTree = "<group>"; };
		8ABB276E2643A9CE00A05F0E /* DetailCell.xib */ = {isa = PBXFileReference; lastKnownFileType = file.xib; path = DetailCell.xib; sourceTree = "<group>"; };
		8ABB27722643AA0700A05F0E /* CellOfSecsion0.swift */ = {isa = PBXFileReference; lastKnownFileType = sourcecode.swift; path = CellOfSecsion0.swift; sourceTree = "<group>"; };
		8ABB27732643AA0700A05F0E /* CellOfSecsion0.xib */ = {isa = PBXFileReference; lastKnownFileType = file.xib; path = CellOfSecsion0.xib; sourceTree = "<group>"; };
		8ABB27772643AA3400A05F0E /* CollectionViewOfSecssion2.swift */ = {isa = PBXFileReference; lastKnownFileType = sourcecode.swift; path = CollectionViewOfSecssion2.swift; sourceTree = "<group>"; };
		8ABB27782643AA3400A05F0E /* CollectionViewOfSecssion2.xib */ = {isa = PBXFileReference; lastKnownFileType = file.xib; path = CollectionViewOfSecssion2.xib; sourceTree = "<group>"; };
		8ABB277D2643AA8F00A05F0E /* CollectionCellOfSecsion4.swift */ = {isa = PBXFileReference; lastKnownFileType = sourcecode.swift; path = CollectionCellOfSecsion4.swift; sourceTree = "<group>"; };
		8ABB277E2643AA8F00A05F0E /* CollectionCellOfSecsion4.xib */ = {isa = PBXFileReference; lastKnownFileType = file.xib; path = CollectionCellOfSecsion4.xib; sourceTree = "<group>"; };
		8ABB27822643AAA700A05F0E /* CollectionCellOfSecsion35.swift */ = {isa = PBXFileReference; lastKnownFileType = sourcecode.swift; path = CollectionCellOfSecsion35.swift; sourceTree = "<group>"; };
		8ABB27832643AAA700A05F0E /* CollectionCellOfSecsion35.xib */ = {isa = PBXFileReference; lastKnownFileType = file.xib; path = CollectionCellOfSecsion35.xib; sourceTree = "<group>"; };
		8ABB27872643AB0800A05F0E /* CollectionCellOfSecsion1.swift */ = {isa = PBXFileReference; lastKnownFileType = sourcecode.swift; path = CollectionCellOfSecsion1.swift; sourceTree = "<group>"; };
		8ABB27882643AB0800A05F0E /* CollectionCellOfSecsion1.xib */ = {isa = PBXFileReference; lastKnownFileType = file.xib; path = CollectionCellOfSecsion1.xib; sourceTree = "<group>"; };
		8ABB27932644E0B700A05F0E /* Extension.swift */ = {isa = PBXFileReference; lastKnownFileType = sourcecode.swift; path = Extension.swift; sourceTree = "<group>"; };
		8ABB27B12644FC6300A05F0E /* DetailModel1.swift */ = {isa = PBXFileReference; lastKnownFileType = sourcecode.swift; path = DetailModel1.swift; sourceTree = "<group>"; };
		8AE8E8AA265521A900063CE4 /* IntroduceOfCastCell.swift */ = {isa = PBXFileReference; lastKnownFileType = sourcecode.swift; path = IntroduceOfCastCell.swift; sourceTree = "<group>"; };
		8AE8E8AB265521A900063CE4 /* IntroduceOfCastCell.xib */ = {isa = PBXFileReference; lastKnownFileType = file.xib; path = IntroduceOfCastCell.xib; sourceTree = "<group>"; };
		8AE8E8AF2655512900063CE4 /* CellForIndex1.swift */ = {isa = PBXFileReference; lastKnownFileType = sourcecode.swift; path = CellForIndex1.swift; sourceTree = "<group>"; };
		8AE8E8B02655512900063CE4 /* CellForIndex1.xib */ = {isa = PBXFileReference; lastKnownFileType = file.xib; path = CellForIndex1.xib; sourceTree = "<group>"; };
		8AE8E8B42655513500063CE4 /* CellForIndex2.swift */ = {isa = PBXFileReference; lastKnownFileType = sourcecode.swift; path = CellForIndex2.swift; sourceTree = "<group>"; };
		8AE8E8B52655513500063CE4 /* CellForIndex2.xib */ = {isa = PBXFileReference; lastKnownFileType = file.xib; path = CellForIndex2.xib; sourceTree = "<group>"; };
		8AE8E8B92655596800063CE4 /* CastImage.swift */ = {isa = PBXFileReference; lastKnownFileType = sourcecode.swift; path = CastImage.swift; sourceTree = "<group>"; };
		8AE8E8BF2655F7E000063CE4 /* HomeListCast.swift */ = {isa = PBXFileReference; lastKnownFileType = sourcecode.swift; path = HomeListCast.swift; sourceTree = "<group>"; };
		8AE8E8C02655F7E000063CE4 /* HomeListCast.xib */ = {isa = PBXFileReference; lastKnownFileType = file.xib; path = HomeListCast.xib; sourceTree = "<group>"; };
		8AE8E8C52655F80900063CE4 /* CellListCast.swift */ = {isa = PBXFileReference; lastKnownFileType = sourcecode.swift; path = CellListCast.swift; sourceTree = "<group>"; };
		8AE8E8C62655F80900063CE4 /* CellListCast.xib */ = {isa = PBXFileReference; lastKnownFileType = file.xib; path = CellListCast.xib; sourceTree = "<group>"; };
		8AE8E8CA2656032300063CE4 /* HomeListImage.swift */ = {isa = PBXFileReference; lastKnownFileType = sourcecode.swift; path = HomeListImage.swift; sourceTree = "<group>"; };
		8AE8E8CB2656032300063CE4 /* HomeListImage.xib */ = {isa = PBXFileReference; lastKnownFileType = file.xib; path = HomeListImage.xib; sourceTree = "<group>"; };
		8AE8E8CF2656034100063CE4 /* CellAllImage.swift */ = {isa = PBXFileReference; lastKnownFileType = sourcecode.swift; path = CellAllImage.swift; sourceTree = "<group>"; };
		8AE8E8D02656034100063CE4 /* CellAllImage.xib */ = {isa = PBXFileReference; lastKnownFileType = file.xib; path = CellAllImage.xib; sourceTree = "<group>"; };
		8AE8E8DE2656738B00063CE4 /* PreViewImage.swift */ = {isa = PBXFileReference; lastKnownFileType = sourcecode.swift; path = PreViewImage.swift; sourceTree = "<group>"; };
		8AE8E8DF2656738B00063CE4 /* PreViewImage.xib */ = {isa = PBXFileReference; lastKnownFileType = file.xib; path = PreViewImage.xib; sourceTree = "<group>"; };
		8AE8E8E426574FD900063CE4 /* FirtVIewWhenclickButtonSearch.swift */ = {isa = PBXFileReference; lastKnownFileType = sourcecode.swift; path = FirtVIewWhenclickButtonSearch.swift; sourceTree = "<group>"; };
		8AE8E8E526574FD900063CE4 /* FirtVIewWhenclickButtonSearch.xib */ = {isa = PBXFileReference; lastKnownFileType = file.xib; path = FirtVIewWhenclickButtonSearch.xib; sourceTree = "<group>"; };
		8AE8E8EA265751D000063CE4 /* FirstCell.swift */ = {isa = PBXFileReference; lastKnownFileType = sourcecode.swift; path = FirstCell.swift; sourceTree = "<group>"; };
		8AE8E8EB265751D000063CE4 /* FirstCell.xib */ = {isa = PBXFileReference; lastKnownFileType = file.xib; path = FirstCell.xib; sourceTree = "<group>"; };
		8AE8E948265A6FD000063CE4 /* PagerViewCell.swift */ = {isa = PBXFileReference; lastKnownFileType = sourcecode.swift; path = PagerViewCell.swift; sourceTree = "<group>"; };
		8AE8E949265A6FD000063CE4 /* PagerViewCell.xib */ = {isa = PBXFileReference; lastKnownFileType = file.xib; path = PagerViewCell.xib; sourceTree = "<group>"; };
		8AF4248726294D0200CB9AA3 /* MovieAPP2_demo.app */ = {isa = PBXFileReference; explicitFileType = wrapper.application; includeInIndex = 0; path = MovieAPP2_demo.app; sourceTree = BUILT_PRODUCTS_DIR; };
		8AF4248A26294D0200CB9AA3 /* AppDelegate.swift */ = {isa = PBXFileReference; lastKnownFileType = sourcecode.swift; path = AppDelegate.swift; sourceTree = "<group>"; };
		8AF4248C26294D0200CB9AA3 /* SceneDelegate.swift */ = {isa = PBXFileReference; lastKnownFileType = sourcecode.swift; path = SceneDelegate.swift; sourceTree = "<group>"; };
		8AF4248E26294D0200CB9AA3 /* ViewController.swift */ = {isa = PBXFileReference; lastKnownFileType = sourcecode.swift; path = ViewController.swift; sourceTree = "<group>"; };
		8AF4249126294D0200CB9AA3 /* Base */ = {isa = PBXFileReference; lastKnownFileType = file.storyboard; name = Base; path = Base.lproj/Main.storyboard; sourceTree = "<group>"; };
		8AF4249326294D0400CB9AA3 /* Assets.xcassets */ = {isa = PBXFileReference; lastKnownFileType = folder.assetcatalog; path = Assets.xcassets; sourceTree = "<group>"; };
		8AF4249626294D0400CB9AA3 /* Base */ = {isa = PBXFileReference; lastKnownFileType = file.storyboard; name = Base; path = Base.lproj/LaunchScreen.storyboard; sourceTree = "<group>"; };
		8AF4249826294D0400CB9AA3 /* Info.plist */ = {isa = PBXFileReference; lastKnownFileType = text.plist.xml; path = Info.plist; sourceTree = "<group>"; };
		8AF424A426294F2800CB9AA3 /* myTableCell.swift */ = {isa = PBXFileReference; lastKnownFileType = sourcecode.swift; path = myTableCell.swift; sourceTree = "<group>"; };
		8AF424A526294F2800CB9AA3 /* myTableCell.xib */ = {isa = PBXFileReference; lastKnownFileType = file.xib; path = myTableCell.xib; sourceTree = "<group>"; };
		8AF424A926294FA000CB9AA3 /* myCollectionCell.swift */ = {isa = PBXFileReference; lastKnownFileType = sourcecode.swift; path = myCollectionCell.swift; sourceTree = "<group>"; };
		8AF424AA26294FA000CB9AA3 /* myCollectionCell.xib */ = {isa = PBXFileReference; lastKnownFileType = file.xib; path = myCollectionCell.xib; sourceTree = "<group>"; };
		8AF424C7262B1A5900CB9AA3 /* GenreCell.swift */ = {isa = PBXFileReference; lastKnownFileType = sourcecode.swift; path = GenreCell.swift; sourceTree = "<group>"; };
		8AF424C8262B1A5900CB9AA3 /* GenreCell.xib */ = {isa = PBXFileReference; lastKnownFileType = file.xib; path = GenreCell.xib; sourceTree = "<group>"; };
		8AF424CD262BDB6D00CB9AA3 /* FetchDataFormAPI.swift */ = {isa = PBXFileReference; lastKnownFileType = sourcecode.swift; path = FetchDataFormAPI.swift; sourceTree = "<group>"; };
		8AF424D1262BDC3B00CB9AA3 /* PopularModel.swift */ = {isa = PBXFileReference; lastKnownFileType = sourcecode.swift; path = PopularModel.swift; sourceTree = "<group>"; };
		8AF424D4262BDC5300CB9AA3 /* NowPlaying.swift */ = {isa = PBXFileReference; lastKnownFileType = sourcecode.swift; path = NowPlaying.swift; sourceTree = "<group>"; };
		8FA61B81296AD944D81E3E5C /* Pods-MovieAPP2_demo.debug.xcconfig */ = {isa = PBXFileReference; includeInIndex = 1; lastKnownFileType = text.xcconfig; name = "Pods-MovieAPP2_demo.debug.xcconfig"; path = "Target Support Files/Pods-MovieAPP2_demo/Pods-MovieAPP2_demo.debug.xcconfig"; sourceTree = "<group>"; };
		DB2B9BBA2B9F5446B9F66259 /* Pods-MovieAPP2_demo.release.xcconfig */ = {isa = PBXFileReference; includeInIndex = 1; lastKnownFileType = text.xcconfig; name = "Pods-MovieAPP2_demo.release.xcconfig"; path = "Target Support Files/Pods-MovieAPP2_demo/Pods-MovieAPP2_demo.release.xcconfig"; sourceTree = "<group>"; };
/* End PBXFileReference section */

/* Begin PBXFrameworksBuildPhase section */
		8AF4248426294D0200CB9AA3 /* Frameworks */ = {
			isa = PBXFrameworksBuildPhase;
			buildActionMask = 2147483647;
			files = (
				8AF424DA262D1CF100CB9AA3 /* SDWebImage in Frameworks */,
				866FAE5DEBEC21A65A93D3DE /* Pods_MovieAPP2_demo.framework in Frameworks */,
			);
			runOnlyForDeploymentPostprocessing = 0;
		};
/* End PBXFrameworksBuildPhase section */

/* Begin PBXGroup section */
		7773CBE1A75F03890AF48320 /* Pods */ = {
			isa = PBXGroup;
			children = (
				8FA61B81296AD944D81E3E5C /* Pods-MovieAPP2_demo.debug.xcconfig */,
				DB2B9BBA2B9F5446B9F66259 /* Pods-MovieAPP2_demo.release.xcconfig */,
			);
			path = Pods;
			sourceTree = "<group>";
		};
		7C458B2A1C7B3DDBA1F5EBCB /* Frameworks */ = {
			isa = PBXGroup;
			children = (
				78B99BDD6DC8E11BE1C0D641 /* Pods_MovieAPP2_demo.framework */,
			);
			name = Frameworks;
			sourceTree = "<group>";
		};
		8A44BB6E26526D0200E56588 /* Movie Search Bar */ = {
			isa = PBXGroup;
			children = (
				8AE8E8E426574FD900063CE4 /* FirtVIewWhenclickButtonSearch.swift */,
				8AE8E8E526574FD900063CE4 /* FirtVIewWhenclickButtonSearch.xib */,
				8AE8E8EA265751D000063CE4 /* FirstCell.swift */,
				8AE8E8EB265751D000063CE4 /* FirstCell.xib */,
				8A44BB6F26526D3400E56588 /* SearchViewController.swift */,
				8A44BB7026526D3400E56588 /* SearchViewController.xib */,
				8A44BBAC2653C47B00E56588 /* RecentCell.swift */,
				8A44BBAD2653C47B00E56588 /* RecentCell.xib */,
			);
			path = "Movie Search Bar";
			sourceTree = "<group>";
		};
		8A44BBB82654BA3900E56588 /* CastDetail */ = {
			isa = PBXGroup;
			children = (
				8A44BBB92654BA8B00E56588 /* CastDetailViewController.swift */,
				8A44BBBA2654BA8B00E56588 /* CastDetailViewController.xib */,
				8AE8E8AA265521A900063CE4 /* IntroduceOfCastCell.swift */,
				8AE8E8AB265521A900063CE4 /* IntroduceOfCastCell.xib */,
				8A44BBC32654BBA300E56588 /* TableViewInSecssion12.swift */,
				8A44BBC42654BBA300E56588 /* TableViewInSecssion12.xib */,
				8AE8E8AF2655512900063CE4 /* CellForIndex1.swift */,
				8AE8E8B02655512900063CE4 /* CellForIndex1.xib */,
				8AE8E8B42655513500063CE4 /* CellForIndex2.swift */,
				8AE8E8B52655513500063CE4 /* CellForIndex2.xib */,
			);
			path = CastDetail;
			sourceTree = "<group>";
		};
		8ABB26E7264231D000A05F0E /* Movie */ = {
			isa = PBXGroup;
			children = (
				8A44BB6E26526D0200E56588 /* Movie Search Bar */,
				8ABB27622643A79900A05F0E /* Movie Rows */,
				8ABB27632643A7D900A05F0E /* Movie Cells */,
				8ABB271126425F2F00A05F0E /* Up Coming */,
				8ABB270A26425ABE00A05F0E /* Now Playing */,
				8ABB2704264256F300A05F0E /* Popular */,
				8ABB26E8264231E000A05F0E /* Genre */,
				8ABB26EA2642320400A05F0E /* Top Rated */,
			);
			path = Movie;
			sourceTree = "<group>";
		};
		8ABB26E8264231E000A05F0E /* Genre */ = {
			isa = PBXGroup;
			children = (
				8ABB26EB2642323A00A05F0E /* HomeGenre.swift */,
				8ABB26EC2642323A00A05F0E /* HomeGenre.xib */,
				8ABB26F02642325700A05F0E /* HomeGenreCell.swift */,
				8ABB26F12642325700A05F0E /* HomeGenreCell.xib */,
				8A473BA1264F744600BAF021 /* ListMovieByGenreView.swift */,
				8A473BA2264F744600BAF021 /* ListMovieByGenreView.xib */,
				8A473BA6264F746400BAF021 /* ListMovieByGenreCell.swift */,
				8A473BA7264F746400BAF021 /* ListMovieByGenreCell.xib */,
			);
			path = Genre;
			sourceTree = "<group>";
		};
		8ABB26EA2642320400A05F0E /* Top Rated */ = {
			isa = PBXGroup;
			children = (
				8ABB26F8264244C900A05F0E /* HomeTopRated.swift */,
				8ABB26F9264244C900A05F0E /* HomeTopRated.xib */,
			);
			path = "Top Rated";
			sourceTree = "<group>";
		};
		8ABB2704264256F300A05F0E /* Popular */ = {
			isa = PBXGroup;
			children = (
				8ABB27052642570A00A05F0E /* HomePopular.swift */,
				8ABB27062642570A00A05F0E /* HomePopular.xib */,
			);
			path = Popular;
			sourceTree = "<group>";
		};
		8ABB270A26425ABE00A05F0E /* Now Playing */ = {
			isa = PBXGroup;
			children = (
				8ABB270B26425AD500A05F0E /* HomeNowPlaying.swift */,
				8ABB270C26425AD500A05F0E /* HomeNowPlaying.xib */,
			);
			path = "Now Playing";
			sourceTree = "<group>";
		};
		8ABB271126425F2F00A05F0E /* Up Coming */ = {
			isa = PBXGroup;
			children = (
				8ABB271226425F4800A05F0E /* HomeUpComing.swift */,
				8ABB271326425F4800A05F0E /* HomeUpComing.xib */,
			);
			path = "Up Coming";
			sourceTree = "<group>";
		};
		8ABB275E2643A69200A05F0E /* MovieModel */ = {
			isa = PBXGroup;
			children = (
				8AF424D1262BDC3B00CB9AA3 /* PopularModel.swift */,
				8AF424D4262BDC5300CB9AA3 /* NowPlaying.swift */,
				8A73ECEA2637BC1700989262 /* ListGenreModel.swift */,
				8ABB27B12644FC6300A05F0E /* DetailModel1.swift */,
				8A38E6F1264A1F4000B80837 /* DetailModel2.swift */,
				8A44BBA82653AABB00E56588 /* SearchMovieByTitle.swift */,
				8A44BBB52654AE6F00E56588 /* MovieImages.swift */,
				8A44BBCD2654BE7D00E56588 /* CastDetail.swift */,
				8AE8E8B92655596800063CE4 /* CastImage.swift */,
				8A342E7F265DF47D0066B4E8 /* MovieDiscover.swift */,
			);
			path = MovieModel;
			sourceTree = "<group>";
		};
		8ABB27602643A71900A05F0E /* MovieHelper */ = {
			isa = PBXGroup;
			children = (
				8AF424CD262BDB6D00CB9AA3 /* FetchDataFormAPI.swift */,
			);
			path = MovieHelper;
			sourceTree = "<group>";
		};
		8ABB27612643A75F00A05F0E /* MovieColor */ = {
			isa = PBXGroup;
			children = (
				8A557EA32632757F00F299C4 /* Color.swift */,
			);
			path = MovieColor;
			sourceTree = "<group>";
		};
		8ABB27622643A79900A05F0E /* Movie Rows */ = {
			isa = PBXGroup;
			children = (
				8AF4248E26294D0200CB9AA3 /* ViewController.swift */,
				8AF4249026294D0200CB9AA3 /* Main.storyboard */,
			);
			path = "Movie Rows";
			sourceTree = "<group>";
		};
		8ABB27632643A7D900A05F0E /* Movie Cells */ = {
			isa = PBXGroup;
			children = (
				8A1A0589263ABA1C009A9302 /* CarouCell.swift */,
				8A1A058A263ABA1C009A9302 /* CarouCell.xib */,
				8AE8E948265A6FD000063CE4 /* PagerViewCell.swift */,
				8AE8E949265A6FD000063CE4 /* PagerViewCell.xib */,
				8AF424A426294F2800CB9AA3 /* myTableCell.swift */,
				8AF424A526294F2800CB9AA3 /* myTableCell.xib */,
				8AF424A926294FA000CB9AA3 /* myCollectionCell.swift */,
				8AF424AA26294FA000CB9AA3 /* myCollectionCell.xib */,
				8AF424C7262B1A5900CB9AA3 /* GenreCell.swift */,
				8AF424C8262B1A5900CB9AA3 /* GenreCell.xib */,
				8A344B3026341AE500D971E9 /* UpComingCell.swift */,
				8A344B3126341AE500D971E9 /* UpComingCell.xib */,
			);
			path = "Movie Cells";
			sourceTree = "<group>";
		};
		8ABB27662643A8A400A05F0E /* Movie Details */ = {
			isa = PBXGroup;
			children = (
				8AA0DDD5265C8BFE001C6E0A /* ReadMoreLessView.swift */,
				8AE8E8BE2655F73900063CE4 /* ListAllCurenSeason */,
				8AE8E8BD2655F72700063CE4 /* ListAllImage */,
				8AE8E8BC2655F71400063CE4 /* ListAllCast */,
				8ABB27672643A8EF00A05F0E /* HomeDetailViewController.swift */,
				8ABB27682643A8EF00A05F0E /* HomeDetailViewController.xib */,
				8ABB27722643AA0700A05F0E /* CellOfSecsion0.swift */,
				8ABB27732643AA0700A05F0E /* CellOfSecsion0.xib */,
				8ABB276D2643A9CE00A05F0E /* DetailCell.swift */,
				8ABB276E2643A9CE00A05F0E /* DetailCell.xib */,
				8ABB27872643AB0800A05F0E /* CollectionCellOfSecsion1.swift */,
				8ABB27882643AB0800A05F0E /* CollectionCellOfSecsion1.xib */,
				8ABB27772643AA3400A05F0E /* CollectionViewOfSecssion2.swift */,
				8ABB27782643AA3400A05F0E /* CollectionViewOfSecssion2.xib */,
				8ABB277D2643AA8F00A05F0E /* CollectionCellOfSecsion4.swift */,
				8ABB277E2643AA8F00A05F0E /* CollectionCellOfSecsion4.xib */,
				8ABB27822643AAA700A05F0E /* CollectionCellOfSecsion35.swift */,
				8ABB27832643AAA700A05F0E /* CollectionCellOfSecsion35.xib */,
			);
			path = "Movie Details";
			sourceTree = "<group>";
		};
		8AE8E8BC2655F71400063CE4 /* ListAllCast */ = {
			isa = PBXGroup;
			children = (
				8AE8E8BF2655F7E000063CE4 /* HomeListCast.swift */,
				8AE8E8C02655F7E000063CE4 /* HomeListCast.xib */,
				8AE8E8C52655F80900063CE4 /* CellListCast.swift */,
				8AE8E8C62655F80900063CE4 /* CellListCast.xib */,
			);
			path = ListAllCast;
			sourceTree = "<group>";
		};
		8AE8E8BD2655F72700063CE4 /* ListAllImage */ = {
			isa = PBXGroup;
			children = (
				8AE8E8CA2656032300063CE4 /* HomeListImage.swift */,
				8AE8E8CB2656032300063CE4 /* HomeListImage.xib */,
				8AE8E8CF2656034100063CE4 /* CellAllImage.swift */,
				8AE8E8D02656034100063CE4 /* CellAllImage.xib */,
				8AE8E8DE2656738B00063CE4 /* PreViewImage.swift */,
				8AE8E8DF2656738B00063CE4 /* PreViewImage.xib */,
				8A342E59265C9E620066B4E8 /* PreViewCell.swift */,
				8A342E5A265C9E620066B4E8 /* PreViewCell.xib */,
			);
			path = ListAllImage;
			sourceTree = "<group>";
		};
		8AE8E8BE2655F73900063CE4 /* ListAllCurenSeason */ = {
			isa = PBXGroup;
			children = (
			);
			path = ListAllCurenSeason;
			sourceTree = "<group>";
		};
		8AF4247E26294D0200CB9AA3 = {
			isa = PBXGroup;
			children = (
				8AF4248926294D0200CB9AA3 /* MovieAPP2_demo */,
				8AF4248826294D0200CB9AA3 /* Products */,
				7773CBE1A75F03890AF48320 /* Pods */,
				7C458B2A1C7B3DDBA1F5EBCB /* Frameworks */,
			);
			sourceTree = "<group>";
		};
		8AF4248826294D0200CB9AA3 /* Products */ = {
			isa = PBXGroup;
			children = (
				8AF4248726294D0200CB9AA3 /* MovieAPP2_demo.app */,
			);
			name = Products;
			sourceTree = "<group>";
		};
		8AF4248926294D0200CB9AA3 /* MovieAPP2_demo */ = {
			isa = PBXGroup;
			children = (
				8A44BBB12653C5E900E56588 /* Tool.swift */,
				8ABB27932644E0B700A05F0E /* Extension.swift */,
				8AF4248A26294D0200CB9AA3 /* AppDelegate.swift */,
				8AF4248C26294D0200CB9AA3 /* SceneDelegate.swift */,
				8AF4249326294D0400CB9AA3 /* Assets.xcassets */,
				8AF4249526294D0400CB9AA3 /* LaunchScreen.storyboard */,
				8AF4249826294D0400CB9AA3 /* Info.plist */,
				8ABB27602643A71900A05F0E /* MovieHelper */,
				8ABB275E2643A69200A05F0E /* MovieModel */,
				8ABB26E7264231D000A05F0E /* Movie */,
				8ABB27662643A8A400A05F0E /* Movie Details */,
				8A44BBB82654BA3900E56588 /* CastDetail */,
				8ABB27612643A75F00A05F0E /* MovieColor */,
			);
			path = MovieAPP2_demo;
			sourceTree = "<group>";
		};
/* End PBXGroup section */

/* Begin PBXNativeTarget section */
		8AF4248626294D0200CB9AA3 /* MovieAPP2_demo */ = {
			isa = PBXNativeTarget;
			buildConfigurationList = 8AF4249B26294D0400CB9AA3 /* Build configuration list for PBXNativeTarget "MovieAPP2_demo" */;
			buildPhases = (
				B81F03098073A50ACD5D6CCE /* [CP] Check Pods Manifest.lock */,
				8AF4248326294D0200CB9AA3 /* Sources */,
				8AF4248426294D0200CB9AA3 /* Frameworks */,
				8AF4248526294D0200CB9AA3 /* Resources */,
				5CE5B7D109BCD62582ED8FC4 /* [CP] Embed Pods Frameworks */,
			);
			buildRules = (
			);
			dependencies = (
			);
			name = MovieAPP2_demo;
			packageProductDependencies = (
				8AF424D9262D1CF100CB9AA3 /* SDWebImage */,
			);
			productName = MovieAPP2_demo;
			productReference = 8AF4248726294D0200CB9AA3 /* MovieAPP2_demo.app */;
			productType = "com.apple.product-type.application";
		};
/* End PBXNativeTarget section */

/* Begin PBXProject section */
		8AF4247F26294D0200CB9AA3 /* Project object */ = {
			isa = PBXProject;
			attributes = {
				LastSwiftUpdateCheck = 1240;
				LastUpgradeCheck = 1240;
				TargetAttributes = {
					8AF4248626294D0200CB9AA3 = {
						CreatedOnToolsVersion = 12.4;
					};
				};
			};
			buildConfigurationList = 8AF4248226294D0200CB9AA3 /* Build configuration list for PBXProject "MovieAPP2_demo" */;
			compatibilityVersion = "Xcode 9.3";
			developmentRegion = en;
			hasScannedForEncodings = 0;
			knownRegions = (
				en,
				Base,
			);
			mainGroup = 8AF4247E26294D0200CB9AA3;
			packageReferences = (
				8AF424D8262D1CF100CB9AA3 /* XCRemoteSwiftPackageReference "SDWebImage" */,
			);
			productRefGroup = 8AF4248826294D0200CB9AA3 /* Products */;
			projectDirPath = "";
			projectRoot = "";
			targets = (
				8AF4248626294D0200CB9AA3 /* MovieAPP2_demo */,
			);
		};
/* End PBXProject section */

/* Begin PBXResourcesBuildPhase section */
		8AF4248526294D0200CB9AA3 /* Resources */ = {
			isa = PBXResourcesBuildPhase;
			buildActionMask = 2147483647;
			files = (
				8ABB27082642570A00A05F0E /* HomePopular.xib in Resources */,
				8A473BA4264F744600BAF021 /* ListMovieByGenreView.xib in Resources */,
				8ABB271526425F4800A05F0E /* HomeUpComing.xib in Resources */,
				8ABB27802643AA8F00A05F0E /* CollectionCellOfSecsion4.xib in Resources */,
				8ABB27702643A9CE00A05F0E /* DetailCell.xib in Resources */,
				8A473BA9264F746400BAF021 /* ListMovieByGenreCell.xib in Resources */,
				8ABB26EE2642323A00A05F0E /* HomeGenre.xib in Resources */,
				8A1A058C263ABA1C009A9302 /* CarouCell.xib in Resources */,
				8AE8E8C82655F80900063CE4 /* CellListCast.xib in Resources */,
				8ABB270E26425AD500A05F0E /* HomeNowPlaying.xib in Resources */,
				8AE8E8B22655512900063CE4 /* CellForIndex1.xib in Resources */,
				8AE8E8D22656034100063CE4 /* CellAllImage.xib in Resources */,
				8AF424CA262B1A5900CB9AA3 /* GenreCell.xib in Resources */,
				8AF424A726294F2800CB9AA3 /* myTableCell.xib in Resources */,
				8A44BBAF2653C47B00E56588 /* RecentCell.xib in Resources */,
				8ABB276A2643A8EF00A05F0E /* HomeDetailViewController.xib in Resources */,
				8AF4249726294D0400CB9AA3 /* LaunchScreen.storyboard in Resources */,
				8AE8E8E12656738B00063CE4 /* PreViewImage.xib in Resources */,
				8AE8E94B265A6FD000063CE4 /* PagerViewCell.xib in Resources */,
				8AE8E8ED265751D000063CE4 /* FirstCell.xib in Resources */,
				8AE8E8B72655513500063CE4 /* CellForIndex2.xib in Resources */,
				8ABB278A2643AB0800A05F0E /* CollectionCellOfSecsion1.xib in Resources */,
				8A44BB7226526D3400E56588 /* SearchViewController.xib in Resources */,
				8ABB27752643AA0700A05F0E /* CellOfSecsion0.xib in Resources */,
				8AE8E8AD265521A900063CE4 /* IntroduceOfCastCell.xib in Resources */,
				8A342E5C265C9E620066B4E8 /* PreViewCell.xib in Resources */,
				8A344B3326341AE500D971E9 /* UpComingCell.xib in Resources */,
				8AE8E8CD2656032300063CE4 /* HomeListImage.xib in Resources */,
				8A44BBBC2654BA8B00E56588 /* CastDetailViewController.xib in Resources */,
				8ABB26F32642325700A05F0E /* HomeGenreCell.xib in Resources */,
				8AE8E8C22655F7E000063CE4 /* HomeListCast.xib in Resources */,
				8AE8E8E726574FD900063CE4 /* FirtVIewWhenclickButtonSearch.xib in Resources */,
				8AF424AC26294FA000CB9AA3 /* myCollectionCell.xib in Resources */,
				8A44BBC62654BBA300E56588 /* TableViewInSecssion12.xib in Resources */,
				8ABB27852643AAA700A05F0E /* CollectionCellOfSecsion35.xib in Resources */,
				8AF4249426294D0400CB9AA3 /* Assets.xcassets in Resources */,
				8ABB26FB264244C900A05F0E /* HomeTopRated.xib in Resources */,
				8AF4249226294D0200CB9AA3 /* Main.storyboard in Resources */,
				8ABB277A2643AA3400A05F0E /* CollectionViewOfSecssion2.xib in Resources */,
			);
			runOnlyForDeploymentPostprocessing = 0;
		};
/* End PBXResourcesBuildPhase section */

/* Begin PBXShellScriptBuildPhase section */
		5CE5B7D109BCD62582ED8FC4 /* [CP] Embed Pods Frameworks */ = {
			isa = PBXShellScriptBuildPhase;
			buildActionMask = 2147483647;
			files = (
			);
			inputFileListPaths = (
				"${PODS_ROOT}/Target Support Files/Pods-MovieAPP2_demo/Pods-MovieAPP2_demo-frameworks-${CONFIGURATION}-input-files.xcfilelist",
			);
			name = "[CP] Embed Pods Frameworks";
			outputFileListPaths = (
				"${PODS_ROOT}/Target Support Files/Pods-MovieAPP2_demo/Pods-MovieAPP2_demo-frameworks-${CONFIGURATION}-output-files.xcfilelist",
			);
			runOnlyForDeploymentPostprocessing = 0;
			shellPath = /bin/sh;
			shellScript = "\"${PODS_ROOT}/Target Support Files/Pods-MovieAPP2_demo/Pods-MovieAPP2_demo-frameworks.sh\"\n";
			showEnvVarsInLog = 0;
		};
		B81F03098073A50ACD5D6CCE /* [CP] Check Pods Manifest.lock */ = {
			isa = PBXShellScriptBuildPhase;
			buildActionMask = 2147483647;
			files = (
			);
			inputFileListPaths = (
			);
			inputPaths = (
				"${PODS_PODFILE_DIR_PATH}/Podfile.lock",
				"${PODS_ROOT}/Manifest.lock",
			);
			name = "[CP] Check Pods Manifest.lock";
			outputFileListPaths = (
			);
			outputPaths = (
				"$(DERIVED_FILE_DIR)/Pods-MovieAPP2_demo-checkManifestLockResult.txt",
			);
			runOnlyForDeploymentPostprocessing = 0;
			shellPath = /bin/sh;
			shellScript = "diff \"${PODS_PODFILE_DIR_PATH}/Podfile.lock\" \"${PODS_ROOT}/Manifest.lock\" > /dev/null\nif [ $? != 0 ] ; then\n    # print error to STDERR\n    echo \"error: The sandbox is not in sync with the Podfile.lock. Run 'pod install' or update your CocoaPods installation.\" >&2\n    exit 1\nfi\n# This output is used by Xcode 'outputs' to avoid re-running this script phase.\necho \"SUCCESS\" > \"${SCRIPT_OUTPUT_FILE_0}\"\n";
			showEnvVarsInLog = 0;
		};
/* End PBXShellScriptBuildPhase section */

/* Begin PBXSourcesBuildPhase section */
		8AF4248326294D0200CB9AA3 /* Sources */ = {
			isa = PBXSourcesBuildPhase;
			buildActionMask = 2147483647;
			files = (
				8A44BBA92653AABC00E56588 /* SearchMovieByTitle.swift in Sources */,
				8AE8E8AC265521A900063CE4 /* IntroduceOfCastCell.swift in Sources */,
				8ABB27692643A8EF00A05F0E /* HomeDetailViewController.swift in Sources */,
				8AF424D2262BDC3B00CB9AA3 /* PopularModel.swift in Sources */,
				8A44BBB22653C5E900E56588 /* Tool.swift in Sources */,
				8A73ECEB2637BC1700989262 /* ListGenreModel.swift in Sources */,
				8ABB27792643AA3400A05F0E /* CollectionViewOfSecssion2.swift in Sources */,
				8AE8E8D12656034100063CE4 /* CellAllImage.swift in Sources */,
				8ABB26ED2642323A00A05F0E /* HomeGenre.swift in Sources */,
				8AF424D5262BDC5300CB9AA3 /* NowPlaying.swift in Sources */,
				8ABB276F2643A9CE00A05F0E /* DetailCell.swift in Sources */,
				8AE8E8CC2656032300063CE4 /* HomeListImage.swift in Sources */,
				8A473BA8264F746400BAF021 /* ListMovieByGenreCell.swift in Sources */,
				8A557EA42632757F00F299C4 /* Color.swift in Sources */,
				8A344B3226341AE500D971E9 /* UpComingCell.swift in Sources */,
				8A44BB7126526D3400E56588 /* SearchViewController.swift in Sources */,
				8ABB27842643AAA700A05F0E /* CollectionCellOfSecsion35.swift in Sources */,
				8A44BBB62654AE6F00E56588 /* MovieImages.swift in Sources */,
				8AE8E8E02656738B00063CE4 /* PreViewImage.swift in Sources */,
				8AE8E8C72655F80900063CE4 /* CellListCast.swift in Sources */,
				8A38E6F2264A1F4000B80837 /* DetailModel2.swift in Sources */,
				8AF424CE262BDB6D00CB9AA3 /* FetchDataFormAPI.swift in Sources */,
				8A473BA3264F744600BAF021 /* ListMovieByGenreView.swift in Sources */,
				8AE8E8E626574FD900063CE4 /* FirtVIewWhenclickButtonSearch.swift in Sources */,
				8AE8E8EC265751D000063CE4 /* FirstCell.swift in Sources */,
				8ABB277F2643AA8F00A05F0E /* CollectionCellOfSecsion4.swift in Sources */,
				8A342E5B265C9E620066B4E8 /* PreViewCell.swift in Sources */,
				8ABB271426425F4800A05F0E /* HomeUpComing.swift in Sources */,
				8A44BBAE2653C47B00E56588 /* RecentCell.swift in Sources */,
				8AF4248F26294D0200CB9AA3 /* ViewController.swift in Sources */,
				8ABB26F22642325700A05F0E /* HomeGenreCell.swift in Sources */,
				8ABB27072642570A00A05F0E /* HomePopular.swift in Sources */,
				8ABB27B22644FC6400A05F0E /* DetailModel1.swift in Sources */,
				8A342E80265DF47D0066B4E8 /* MovieDiscover.swift in Sources */,
				8A44BBC52654BBA300E56588 /* TableViewInSecssion12.swift in Sources */,
				8AE8E8BA2655596800063CE4 /* CastImage.swift in Sources */,
				8ABB26FA264244C900A05F0E /* HomeTopRated.swift in Sources */,
				8ABB27742643AA0700A05F0E /* CellOfSecsion0.swift in Sources */,
				8AF4248B26294D0200CB9AA3 /* AppDelegate.swift in Sources */,
				8AF424AB26294FA000CB9AA3 /* myCollectionCell.swift in Sources */,
				8A1A058B263ABA1C009A9302 /* CarouCell.swift in Sources */,
				8ABB270D26425AD500A05F0E /* HomeNowPlaying.swift in Sources */,
				8AE8E94A265A6FD000063CE4 /* PagerViewCell.swift in Sources */,
				8A44BBCE2654BE7D00E56588 /* CastDetail.swift in Sources */,
				8AF424C9262B1A5900CB9AA3 /* GenreCell.swift in Sources */,
				8AF424A626294F2800CB9AA3 /* myTableCell.swift in Sources */,
				8AE8E8C12655F7E000063CE4 /* HomeListCast.swift in Sources */,
				8AF4248D26294D0200CB9AA3 /* SceneDelegate.swift in Sources */,
				8AE8E8B62655513500063CE4 /* CellForIndex2.swift in Sources */,
				8AE8E8B12655512900063CE4 /* CellForIndex1.swift in Sources */,
				8ABB27942644E0B700A05F0E /* Extension.swift in Sources */,
				8AA0DDD6265C8BFE001C6E0A /* ReadMoreLessView.swift in Sources */,
				8ABB27892643AB0800A05F0E /* CollectionCellOfSecsion1.swift in Sources */,
				8A44BBBB2654BA8B00E56588 /* CastDetailViewController.swift in Sources */,
			);
			runOnlyForDeploymentPostprocessing = 0;
		};
/* End PBXSourcesBuildPhase section */

/* Begin PBXVariantGroup section */
		8AF4249026294D0200CB9AA3 /* Main.storyboard */ = {
			isa = PBXVariantGroup;
			children = (
				8AF4249126294D0200CB9AA3 /* Base */,
			);
			name = Main.storyboard;
			sourceTree = "<group>";
		};
		8AF4249526294D0400CB9AA3 /* LaunchScreen.storyboard */ = {
			isa = PBXVariantGroup;
			children = (
				8AF4249626294D0400CB9AA3 /* Base */,
			);
			name = LaunchScreen.storyboard;
			sourceTree = "<group>";
		};
/* End PBXVariantGroup section */

/* Begin XCBuildConfiguration section */
		8AF4249926294D0400CB9AA3 /* Debug */ = {
			isa = XCBuildConfiguration;
			buildSettings = {
				ALWAYS_SEARCH_USER_PATHS = NO;
				CLANG_ANALYZER_NONNULL = YES;
				CLANG_ANALYZER_NUMBER_OBJECT_CONVERSION = YES_AGGRESSIVE;
				CLANG_CXX_LANGUAGE_STANDARD = "gnu++14";
				CLANG_CXX_LIBRARY = "libc++";
				CLANG_ENABLE_MODULES = YES;
				CLANG_ENABLE_OBJC_ARC = YES;
				CLANG_ENABLE_OBJC_WEAK = YES;
				CLANG_WARN_BLOCK_CAPTURE_AUTORELEASING = YES;
				CLANG_WARN_BOOL_CONVERSION = YES;
				CLANG_WARN_COMMA = YES;
				CLANG_WARN_CONSTANT_CONVERSION = YES;
				CLANG_WARN_DEPRECATED_OBJC_IMPLEMENTATIONS = YES;
				CLANG_WARN_DIRECT_OBJC_ISA_USAGE = YES_ERROR;
				CLANG_WARN_DOCUMENTATION_COMMENTS = YES;
				CLANG_WARN_EMPTY_BODY = YES;
				CLANG_WARN_ENUM_CONVERSION = YES;
				CLANG_WARN_INFINITE_RECURSION = YES;
				CLANG_WARN_INT_CONVERSION = YES;
				CLANG_WARN_NON_LITERAL_NULL_CONVERSION = YES;
				CLANG_WARN_OBJC_IMPLICIT_RETAIN_SELF = YES;
				CLANG_WARN_OBJC_LITERAL_CONVERSION = YES;
				CLANG_WARN_OBJC_ROOT_CLASS = YES_ERROR;
				CLANG_WARN_QUOTED_INCLUDE_IN_FRAMEWORK_HEADER = YES;
				CLANG_WARN_RANGE_LOOP_ANALYSIS = YES;
				CLANG_WARN_STRICT_PROTOTYPES = YES;
				CLANG_WARN_SUSPICIOUS_MOVE = YES;
				CLANG_WARN_UNGUARDED_AVAILABILITY = YES_AGGRESSIVE;
				CLANG_WARN_UNREACHABLE_CODE = YES;
				CLANG_WARN__DUPLICATE_METHOD_MATCH = YES;
				COPY_PHASE_STRIP = NO;
				DEBUG_INFORMATION_FORMAT = dwarf;
				ENABLE_STRICT_OBJC_MSGSEND = YES;
				ENABLE_TESTABILITY = YES;
				GCC_C_LANGUAGE_STANDARD = gnu11;
				GCC_DYNAMIC_NO_PIC = NO;
				GCC_NO_COMMON_BLOCKS = YES;
				GCC_OPTIMIZATION_LEVEL = 0;
				GCC_PREPROCESSOR_DEFINITIONS = (
					"DEBUG=1",
					"$(inherited)",
				);
				GCC_WARN_64_TO_32_BIT_CONVERSION = YES;
				GCC_WARN_ABOUT_RETURN_TYPE = YES_ERROR;
				GCC_WARN_UNDECLARED_SELECTOR = YES;
				GCC_WARN_UNINITIALIZED_AUTOS = YES_AGGRESSIVE;
				GCC_WARN_UNUSED_FUNCTION = YES;
				GCC_WARN_UNUSED_VARIABLE = YES;
				IPHONEOS_DEPLOYMENT_TARGET = 14.4;
				MTL_ENABLE_DEBUG_INFO = INCLUDE_SOURCE;
				MTL_FAST_MATH = YES;
				ONLY_ACTIVE_ARCH = YES;
				SDKROOT = iphoneos;
				SWIFT_ACTIVE_COMPILATION_CONDITIONS = DEBUG;
				SWIFT_OPTIMIZATION_LEVEL = "-Onone";
			};
			name = Debug;
		};
		8AF4249A26294D0400CB9AA3 /* Release */ = {
			isa = XCBuildConfiguration;
			buildSettings = {
				ALWAYS_SEARCH_USER_PATHS = NO;
				CLANG_ANALYZER_NONNULL = YES;
				CLANG_ANALYZER_NUMBER_OBJECT_CONVERSION = YES_AGGRESSIVE;
				CLANG_CXX_LANGUAGE_STANDARD = "gnu++14";
				CLANG_CXX_LIBRARY = "libc++";
				CLANG_ENABLE_MODULES = YES;
				CLANG_ENABLE_OBJC_ARC = YES;
				CLANG_ENABLE_OBJC_WEAK = YES;
				CLANG_WARN_BLOCK_CAPTURE_AUTORELEASING = YES;
				CLANG_WARN_BOOL_CONVERSION = YES;
				CLANG_WARN_COMMA = YES;
				CLANG_WARN_CONSTANT_CONVERSION = YES;
				CLANG_WARN_DEPRECATED_OBJC_IMPLEMENTATIONS = YES;
				CLANG_WARN_DIRECT_OBJC_ISA_USAGE = YES_ERROR;
				CLANG_WARN_DOCUMENTATION_COMMENTS = YES;
				CLANG_WARN_EMPTY_BODY = YES;
				CLANG_WARN_ENUM_CONVERSION = YES;
				CLANG_WARN_INFINITE_RECURSION = YES;
				CLANG_WARN_INT_CONVERSION = YES;
				CLANG_WARN_NON_LITERAL_NULL_CONVERSION = YES;
				CLANG_WARN_OBJC_IMPLICIT_RETAIN_SELF = YES;
				CLANG_WARN_OBJC_LITERAL_CONVERSION = YES;
				CLANG_WARN_OBJC_ROOT_CLASS = YES_ERROR;
				CLANG_WARN_QUOTED_INCLUDE_IN_FRAMEWORK_HEADER = YES;
				CLANG_WARN_RANGE_LOOP_ANALYSIS = YES;
				CLANG_WARN_STRICT_PROTOTYPES = YES;
				CLANG_WARN_SUSPICIOUS_MOVE = YES;
				CLANG_WARN_UNGUARDED_AVAILABILITY = YES_AGGRESSIVE;
				CLANG_WARN_UNREACHABLE_CODE = YES;
				CLANG_WARN__DUPLICATE_METHOD_MATCH = YES;
				COPY_PHASE_STRIP = NO;
				DEBUG_INFORMATION_FORMAT = "dwarf-with-dsym";
				ENABLE_NS_ASSERTIONS = NO;
				ENABLE_STRICT_OBJC_MSGSEND = YES;
				GCC_C_LANGUAGE_STANDARD = gnu11;
				GCC_NO_COMMON_BLOCKS = YES;
				GCC_WARN_64_TO_32_BIT_CONVERSION = YES;
				GCC_WARN_ABOUT_RETURN_TYPE = YES_ERROR;
				GCC_WARN_UNDECLARED_SELECTOR = YES;
				GCC_WARN_UNINITIALIZED_AUTOS = YES_AGGRESSIVE;
				GCC_WARN_UNUSED_FUNCTION = YES;
				GCC_WARN_UNUSED_VARIABLE = YES;
				IPHONEOS_DEPLOYMENT_TARGET = 14.4;
				MTL_ENABLE_DEBUG_INFO = NO;
				MTL_FAST_MATH = YES;
				SDKROOT = iphoneos;
				SWIFT_COMPILATION_MODE = wholemodule;
				SWIFT_OPTIMIZATION_LEVEL = "-O";
				VALIDATE_PRODUCT = YES;
			};
			name = Release;
		};
		8AF4249C26294D0400CB9AA3 /* Debug */ = {
			isa = XCBuildConfiguration;
			baseConfigurationReference = 8FA61B81296AD944D81E3E5C /* Pods-MovieAPP2_demo.debug.xcconfig */;
			buildSettings = {
				ASSETCATALOG_COMPILER_APPICON_NAME = AppIcon;
				ASSETCATALOG_COMPILER_GLOBAL_ACCENT_COLOR_NAME = AccentColor;
				CODE_SIGN_STYLE = Automatic;
				DEVELOPMENT_TEAM = B3DH2SSWGW;
				INFOPLIST_FILE = MovieAPP2_demo/Info.plist;
				LD_RUNPATH_SEARCH_PATHS = (
					"$(inherited)",
					"@executable_path/Frameworks",
				);
				PRODUCT_BUNDLE_IDENTIFIER = "com.matech.MovieAPP2-demo";
				PRODUCT_NAME = "$(TARGET_NAME)";
				SWIFT_VERSION = 5.0;
				TARGETED_DEVICE_FAMILY = "1,2";
			};
			name = Debug;
		};
		8AF4249D26294D0400CB9AA3 /* Release */ = {
			isa = XCBuildConfiguration;
			baseConfigurationReference = DB2B9BBA2B9F5446B9F66259 /* Pods-MovieAPP2_demo.release.xcconfig */;
			buildSettings = {
				ASSETCATALOG_COMPILER_APPICON_NAME = AppIcon;
				ASSETCATALOG_COMPILER_GLOBAL_ACCENT_COLOR_NAME = AccentColor;
				CODE_SIGN_STYLE = Automatic;
				DEVELOPMENT_TEAM = B3DH2SSWGW;
				INFOPLIST_FILE = MovieAPP2_demo/Info.plist;
				LD_RUNPATH_SEARCH_PATHS = (
					"$(inherited)",
					"@executable_path/Frameworks",
				);
				PRODUCT_BUNDLE_IDENTIFIER = "com.matech.MovieAPP2-demo";
				PRODUCT_NAME = "$(TARGET_NAME)";
				SWIFT_VERSION = 5.0;
				TARGETED_DEVICE_FAMILY = "1,2";
			};
			name = Release;
		};
/* End XCBuildConfiguration section */

/* Begin XCConfigurationList section */
		8AF4248226294D0200CB9AA3 /* Build configuration list for PBXProject "MovieAPP2_demo" */ = {
			isa = XCConfigurationList;
			buildConfigurations = (
				8AF4249926294D0400CB9AA3 /* Debug */,
				8AF4249A26294D0400CB9AA3 /* Release */,
			);
			defaultConfigurationIsVisible = 0;
			defaultConfigurationName = Release;
		};
		8AF4249B26294D0400CB9AA3 /* Build configuration list for PBXNativeTarget "MovieAPP2_demo" */ = {
			isa = XCConfigurationList;
			buildConfigurations = (
				8AF4249C26294D0400CB9AA3 /* Debug */,
				8AF4249D26294D0400CB9AA3 /* Release */,
			);
			defaultConfigurationIsVisible = 0;
			defaultConfigurationName = Release;
		};
/* End XCConfigurationList section */

/* Begin XCRemoteSwiftPackageReference section */
		8AF424D8262D1CF100CB9AA3 /* XCRemoteSwiftPackageReference "SDWebImage" */ = {
			isa = XCRemoteSwiftPackageReference;
			repositoryURL = "https://github.com/SDWebImage/SDWebImage.git";
			requirement = {
				kind = upToNextMajorVersion;
				minimumVersion = 5.11.0;
			};
		};
/* End XCRemoteSwiftPackageReference section */

/* Begin XCSwiftPackageProductDependency section */
		8AF424D9262D1CF100CB9AA3 /* SDWebImage */ = {
			isa = XCSwiftPackageProductDependency;
			package = 8AF424D8262D1CF100CB9AA3 /* XCRemoteSwiftPackageReference "SDWebImage" */;
			productName = SDWebImage;
		};
/* End XCSwiftPackageProductDependency section */
	};
	rootObject = 8AF4247F26294D0200CB9AA3 /* Project object */;
}
